
Microsoft Visual Studio Solution File, Format Version 12.00
# Visual Studio Version 17
VisualStudioVersion = 17.0.31903.59
MinimumVisualStudioVersion = 10.0.40219.1
Project("{2150E333-8FDC-42A3-9474-1A3956D46DE8}") = "src", "src", "{827E0CD3-B72D-47B6-A68D-7590B98EB39B}"
EndProject
Project("{FAE04EC0-301F-11D3-BF4B-00C04F79EFBC}") = "CryptoTrader.Domain", "src\CryptoTrader.Domain\CryptoTrader.Domain.csproj", "{67E90BFD-F680-43F7-A491-B3A3BD73E4D3}"
EndProject
Project("{FAE04EC0-301F-11D3-BF4B-00C04F79EFBC}") = "CryptoTrader.Application", "src\CryptoTrader.Application\CryptoTrader.Application.csproj", "{6B2F0FAD-2C83-4CB8-8859-9EEEE98BE444}"
EndProject
Project("{FAE04EC0-301F-11D3-BF4B-00C04F79EFBC}") = "CryptoTrader.Infrastructure", "src\CryptoTrader.Infrastructure\CryptoTrader.Infrastructure.csproj", "{1642537C-8515-4843-A7C0-F2BF37976C41}"
EndProject
Project("{FAE04EC0-301F-11D3-BF4B-00C04F79EFBC}") = "CryptoTrader.Presentation.AdminApi", "src\CryptoTrader.Presentation.AdminApi\CryptoTrader.Presentation.AdminApi.csproj", "{096AC7AC-F1E1-4338-B222-0936E55B5E9C}"
EndProject
Project("{FAE04EC0-301F-11D3-BF4B-00C04F79EFBC}") = "CryptoTrader.Main", "src\CryptoTrader.Main\CryptoTrader.Main.csproj", "{4CE8103F-C8B6-4433-BC88-146C22C2825D}"
EndProject
Project("{2150E333-8FDC-42A3-9474-1A3956D46DE8}") = "tests", "tests", "{26AB2884-F6E1-40B1-B75F-0CFDC144CF35}"
EndProject
Project("{FAE04EC0-301F-11D3-BF4B-00C04F79EFBC}") = "CryptoTrader.IntegrationTests", "tests\CryptoTrader.IntegrationTests\CryptoTrader.IntegrationTests.csproj", "{B93E13B2-07FC-4A74-91BB-5811FBE0FE26}"
EndProject
Project("{FAE04EC0-301F-11D3-BF4B-00C04F79EFBC}") = "CryptoTrader.Telegram", "src\CryptoTrader.Telegram\CryptoTrader.Telegram.csproj", "{507DA825-BE19-4B1C-8555-3EAD6431341C}"
EndProject
Project("{FAE04EC0-301F-11D3-BF4B-00C04F79EFBC}") = "CryptoTrader.Common", "src\CryptoTrader.Common\CryptoTrader.Common.csproj", "{31818B6F-CC36-4A2D-B805-DA9B5531474C}"
EndProject
Project("{FAE04EC0-301F-11D3-BF4B-00C04F79EFBC}") = "CryptoTrader.DiExtensions", "src\CryptoTrader.DiExtensions\CryptoTrader.DiExtensions.csproj", "{761FD1EE-D192-4DE2-9671-97DAE8E23866}"
EndProject
Project("{FAE04EC0-301F-11D3-BF4B-00C04F79EFBC}") = "CryptoTrader.Events", "src\CryptoTrader.Events\CryptoTrader.Events.csproj", "{0B3E3BD1-97AB-428C-8CCB-B32C2F744B6E}"
EndProject
Project("{FAE04EC0-301F-11D3-BF4B-00C04F79EFBC}") = "CryptoTrader.JobController", "src\CryptoTrader.JobController\CryptoTrader.JobController.csproj", "{3DDFB9BF-6E34-4004-B5CC-5AC70B3DBA09}"
EndProject
Project("{FAE04EC0-301F-11D3-BF4B-00C04F79EFBC}") = "CryptoTrader.Domain.Tests", "tests\CryptoTrader.Domain.Tests\CryptoTrader.Domain.Tests.csproj", "{E83B388D-4B3D-46B9-96FE-9FC432A33C74}"
EndProject
Global
	GlobalSection(SolutionConfigurationPlatforms) = preSolution
		Debug|Any CPU = Debug|Any CPU
		Debug|x64 = Debug|x64
		Debug|x86 = Debug|x86
		Release|Any CPU = Release|Any CPU
		Release|x64 = Release|x64
		Release|x86 = Release|x86
	EndGlobalSection
	GlobalSection(ProjectConfigurationPlatforms) = postSolution
		{67E90BFD-F680-43F7-A491-B3A3BD73E4D3}.Debug|Any CPU.ActiveCfg = Debug|Any CPU
		{67E90BFD-F680-43F7-A491-B3A3BD73E4D3}.Debug|Any CPU.Build.0 = Debug|Any CPU
		{67E90BFD-F680-43F7-A491-B3A3BD73E4D3}.Debug|x64.ActiveCfg = Debug|Any CPU
		{67E90BFD-F680-43F7-A491-B3A3BD73E4D3}.Debug|x64.Build.0 = Debug|Any CPU
		{67E90BFD-F680-43F7-A491-B3A3BD73E4D3}.Debug|x86.ActiveCfg = Debug|Any CPU
		{67E90BFD-F680-43F7-A491-B3A3BD73E4D3}.Debug|x86.Build.0 = Debug|Any CPU
		{67E90BFD-F680-43F7-A491-B3A3BD73E4D3}.Release|Any CPU.ActiveCfg = Release|Any CPU
		{67E90BFD-F680-43F7-A491-B3A3BD73E4D3}.Release|Any CPU.Build.0 = Release|Any CPU
		{67E90BFD-F680-43F7-A491-B3A3BD73E4D3}.Release|x64.ActiveCfg = Release|Any CPU
		{67E90BFD-F680-43F7-A491-B3A3BD73E4D3}.Release|x64.Build.0 = Release|Any CPU
		{67E90BFD-F680-43F7-A491-B3A3BD73E4D3}.Release|x86.ActiveCfg = Release|Any CPU
		{67E90BFD-F680-43F7-A491-B3A3BD73E4D3}.Release|x86.Build.0 = Release|Any CPU
		{6B2F0FAD-2C83-4CB8-8859-9EEEE98BE444}.Debug|Any CPU.ActiveCfg = Debug|Any CPU
		{6B2F0FAD-2C83-4CB8-8859-9EEEE98BE444}.Debug|Any CPU.Build.0 = Debug|Any CPU
		{6B2F0FAD-2C83-4CB8-8859-9EEEE98BE444}.Debug|x64.ActiveCfg = Debug|Any CPU
		{6B2F0FAD-2C83-4CB8-8859-9EEEE98BE444}.Debug|x64.Build.0 = Debug|Any CPU
		{6B2F0FAD-2C83-4CB8-8859-9EEEE98BE444}.Debug|x86.ActiveCfg = Debug|Any CPU
		{6B2F0FAD-2C83-4CB8-8859-9EEEE98BE444}.Debug|x86.Build.0 = Debug|Any CPU
		{6B2F0FAD-2C83-4CB8-8859-9EEEE98BE444}.Release|Any CPU.ActiveCfg = Release|Any CPU
		{6B2F0FAD-2C83-4CB8-8859-9EEEE98BE444}.Release|Any CPU.Build.0 = Release|Any CPU
		{6B2F0FAD-2C83-4CB8-8859-9EEEE98BE444}.Release|x64.ActiveCfg = Release|Any CPU
		{6B2F0FAD-2C83-4CB8-8859-9EEEE98BE444}.Release|x64.Build.0 = Release|Any CPU
		{6B2F0FAD-2C83-4CB8-8859-9EEEE98BE444}.Release|x86.ActiveCfg = Release|Any CPU
		{6B2F0FAD-2C83-4CB8-8859-9EEEE98BE444}.Release|x86.Build.0 = Release|Any CPU
		{1642537C-8515-4843-A7C0-F2BF37976C41}.Debug|Any CPU.ActiveCfg = Debug|Any CPU
		{1642537C-8515-4843-A7C0-F2BF37976C41}.Debug|Any CPU.Build.0 = Debug|Any CPU
		{1642537C-8515-4843-A7C0-F2BF37976C41}.Debug|x64.ActiveCfg = Debug|Any CPU
		{1642537C-8515-4843-A7C0-F2BF37976C41}.Debug|x64.Build.0 = Debug|Any CPU
		{1642537C-8515-4843-A7C0-F2BF37976C41}.Debug|x86.ActiveCfg = Debug|Any CPU
		{1642537C-8515-4843-A7C0-F2BF37976C41}.Debug|x86.Build.0 = Debug|Any CPU
		{1642537C-8515-4843-A7C0-F2BF37976C41}.Release|Any CPU.ActiveCfg = Release|Any CPU
		{1642537C-8515-4843-A7C0-F2BF37976C41}.Release|Any CPU.Build.0 = Release|Any CPU
		{1642537C-8515-4843-A7C0-F2BF37976C41}.Release|x64.ActiveCfg = Release|Any CPU
		{1642537C-8515-4843-A7C0-F2BF37976C41}.Release|x64.Build.0 = Release|Any CPU
		{1642537C-8515-4843-A7C0-F2BF37976C41}.Release|x86.ActiveCfg = Release|Any CPU
		{1642537C-8515-4843-A7C0-F2BF37976C41}.Release|x86.Build.0 = Release|Any CPU
		{096AC7AC-F1E1-4338-B222-0936E55B5E9C}.Debug|Any CPU.ActiveCfg = Debug|Any CPU
		{096AC7AC-F1E1-4338-B222-0936E55B5E9C}.Debug|Any CPU.Build.0 = Debug|Any CPU
		{096AC7AC-F1E1-4338-B222-0936E55B5E9C}.Debug|x64.ActiveCfg = Debug|Any CPU
		{096AC7AC-F1E1-4338-B222-0936E55B5E9C}.Debug|x64.Build.0 = Debug|Any CPU
		{096AC7AC-F1E1-4338-B222-0936E55B5E9C}.Debug|x86.ActiveCfg = Debug|Any CPU
		{096AC7AC-F1E1-4338-B222-0936E55B5E9C}.Debug|x86.Build.0 = Debug|Any CPU
		{096AC7AC-F1E1-4338-B222-0936E55B5E9C}.Release|Any CPU.ActiveCfg = Release|Any CPU
		{096AC7AC-F1E1-4338-B222-0936E55B5E9C}.Release|Any CPU.Build.0 = Release|Any CPU
		{096AC7AC-F1E1-4338-B222-0936E55B5E9C}.Release|x64.ActiveCfg = Release|Any CPU
		{096AC7AC-F1E1-4338-B222-0936E55B5E9C}.Release|x64.Build.0 = Release|Any CPU
		{096AC7AC-F1E1-4338-B222-0936E55B5E9C}.Release|x86.ActiveCfg = Release|Any CPU
		{096AC7AC-F1E1-4338-B222-0936E55B5E9C}.Release|x86.Build.0 = Release|Any CPU
		{4CE8103F-C8B6-4433-BC88-146C22C2825D}.Debug|Any CPU.ActiveCfg = Debug|Any CPU
		{4CE8103F-C8B6-4433-BC88-146C22C2825D}.Debug|Any CPU.Build.0 = Debug|Any CPU
		{4CE8103F-C8B6-4433-BC88-146C22C2825D}.Debug|x64.ActiveCfg = Debug|Any CPU
		{4CE8103F-C8B6-4433-BC88-146C22C2825D}.Debug|x64.Build.0 = Debug|Any CPU
		{4CE8103F-C8B6-4433-BC88-146C22C2825D}.Debug|x86.ActiveCfg = Debug|Any CPU
		{4CE8103F-C8B6-4433-BC88-146C22C2825D}.Debug|x86.Build.0 = Debug|Any CPU
		{4CE8103F-C8B6-4433-BC88-146C22C2825D}.Release|Any CPU.ActiveCfg = Release|Any CPU
		{4CE8103F-C8B6-4433-BC88-146C22C2825D}.Release|Any CPU.Build.0 = Release|Any CPU
		{4CE8103F-C8B6-4433-BC88-146C22C2825D}.Release|x64.ActiveCfg = Release|Any CPU
		{4CE8103F-C8B6-4433-BC88-146C22C2825D}.Release|x64.Build.0 = Release|Any CPU
		{4CE8103F-C8B6-4433-BC88-146C22C2825D}.Release|x86.ActiveCfg = Release|Any CPU
		{4CE8103F-C8B6-4433-BC88-146C22C2825D}.Release|x86.Build.0 = Release|Any CPU
		{B93E13B2-07FC-4A74-91BB-5811FBE0FE26}.Debug|Any CPU.ActiveCfg = Debug|Any CPU
		{B93E13B2-07FC-4A74-91BB-5811FBE0FE26}.Debug|Any CPU.Build.0 = Debug|Any CPU
		{B93E13B2-07FC-4A74-91BB-5811FBE0FE26}.Debug|x64.ActiveCfg = Debug|Any CPU
		{B93E13B2-07FC-4A74-91BB-5811FBE0FE26}.Debug|x64.Build.0 = Debug|Any CPU
		{B93E13B2-07FC-4A74-91BB-5811FBE0FE26}.Debug|x86.ActiveCfg = Debug|Any CPU
		{B93E13B2-07FC-4A74-91BB-5811FBE0FE26}.Debug|x86.Build.0 = Debug|Any CPU
		{B93E13B2-07FC-4A74-91BB-5811FBE0FE26}.Release|Any CPU.ActiveCfg = Release|Any CPU
		{B93E13B2-07FC-4A74-91BB-5811FBE0FE26}.Release|Any CPU.Build.0 = Release|Any CPU
		{B93E13B2-07FC-4A74-91BB-5811FBE0FE26}.Release|x64.ActiveCfg = Release|Any CPU
		{B93E13B2-07FC-4A74-91BB-5811FBE0FE26}.Release|x64.Build.0 = Release|Any CPU
		{B93E13B2-07FC-4A74-91BB-5811FBE0FE26}.Release|x86.ActiveCfg = Release|Any CPU
		{B93E13B2-07FC-4A74-91BB-5811FBE0FE26}.Release|x86.Build.0 = Release|Any CPU
		{507DA825-BE19-4B1C-8555-3EAD6431341C}.Debug|Any CPU.ActiveCfg = Debug|Any CPU
		{507DA825-BE19-4B1C-8555-3EAD6431341C}.Debug|Any CPU.Build.0 = Debug|Any CPU
		{507DA825-BE19-4B1C-8555-3EAD6431341C}.Debug|x64.ActiveCfg = Debug|Any CPU
		{507DA825-BE19-4B1C-8555-3EAD6431341C}.Debug|x64.Build.0 = Debug|Any CPU
		{507DA825-BE19-4B1C-8555-3EAD6431341C}.Debug|x86.ActiveCfg = Debug|Any CPU
		{507DA825-BE19-4B1C-8555-3EAD6431341C}.Debug|x86.Build.0 = Debug|Any CPU
		{507DA825-BE19-4B1C-8555-3EAD6431341C}.Release|Any CPU.ActiveCfg = Release|Any CPU
		{507DA825-BE19-4B1C-8555-3EAD6431341C}.Release|Any CPU.Build.0 = Release|Any CPU
		{507DA825-BE19-4B1C-8555-3EAD6431341C}.Release|x64.ActiveCfg = Release|Any CPU
		{507DA825-BE19-4B1C-8555-3EAD6431341C}.Release|x64.Build.0 = Release|Any CPU
		{507DA825-BE19-4B1C-8555-3EAD6431341C}.Release|x86.ActiveCfg = Release|Any CPU
		{507DA825-BE19-4B1C-8555-3EAD6431341C}.Release|x86.Build.0 = Release|Any CPU
		{31818B6F-CC36-4A2D-B805-DA9B5531474C}.Debug|Any CPU.ActiveCfg = Debug|Any CPU
		{31818B6F-CC36-4A2D-B805-DA9B5531474C}.Debug|Any CPU.Build.0 = Debug|Any CPU
		{31818B6F-CC36-4A2D-B805-DA9B5531474C}.Debug|x64.ActiveCfg = Debug|Any CPU
		{31818B6F-CC36-4A2D-B805-DA9B5531474C}.Debug|x64.Build.0 = Debug|Any CPU
		{31818B6F-CC36-4A2D-B805-DA9B5531474C}.Debug|x86.ActiveCfg = Debug|Any CPU
		{31818B6F-CC36-4A2D-B805-DA9B5531474C}.Debug|x86.Build.0 = Debug|Any CPU
		{31818B6F-CC36-4A2D-B805-DA9B5531474C}.Release|Any CPU.ActiveCfg = Release|Any CPU
		{31818B6F-CC36-4A2D-B805-DA9B5531474C}.Release|Any CPU.Build.0 = Release|Any CPU
		{31818B6F-CC36-4A2D-B805-DA9B5531474C}.Release|x64.ActiveCfg = Release|Any CPU
		{31818B6F-CC36-4A2D-B805-DA9B5531474C}.Release|x64.Build.0 = Release|Any CPU
		{31818B6F-CC36-4A2D-B805-DA9B5531474C}.Release|x86.ActiveCfg = Release|Any CPU
		{31818B6F-CC36-4A2D-B805-DA9B5531474C}.Release|x86.Build.0 = Release|Any CPU
		{761FD1EE-D192-4DE2-9671-97DAE8E23866}.Debug|Any CPU.ActiveCfg = Debug|Any CPU
		{761FD1EE-D192-4DE2-9671-97DAE8E23866}.Debug|Any CPU.Build.0 = Debug|Any CPU
		{761FD1EE-D192-4DE2-9671-97DAE8E23866}.Debug|x64.ActiveCfg = Debug|Any CPU
		{761FD1EE-D192-4DE2-9671-97DAE8E23866}.Debug|x64.Build.0 = Debug|Any CPU
		{761FD1EE-D192-4DE2-9671-97DAE8E23866}.Debug|x86.ActiveCfg = Debug|Any CPU
		{761FD1EE-D192-4DE2-9671-97DAE8E23866}.Debug|x86.Build.0 = Debug|Any CPU
		{761FD1EE-D192-4DE2-9671-97DAE8E23866}.Release|Any CPU.ActiveCfg = Release|Any CPU
		{761FD1EE-D192-4DE2-9671-97DAE8E23866}.Release|Any CPU.Build.0 = Release|Any CPU
		{761FD1EE-D192-4DE2-9671-97DAE8E23866}.Release|x64.ActiveCfg = Release|Any CPU
		{761FD1EE-D192-4DE2-9671-97DAE8E23866}.Release|x64.Build.0 = Release|Any CPU
		{761FD1EE-D192-4DE2-9671-97DAE8E23866}.Release|x86.ActiveCfg = Release|Any CPU
		{761FD1EE-D192-4DE2-9671-97DAE8E23866}.Release|x86.Build.0 = Release|Any CPU
		{0B3E3BD1-97AB-428C-8CCB-B32C2F744B6E}.Debug|Any CPU.ActiveCfg = Debug|Any CPU
		{0B3E3BD1-97AB-428C-8CCB-B32C2F744B6E}.Debug|Any CPU.Build.0 = Debug|Any CPU
		{0B3E3BD1-97AB-428C-8CCB-B32C2F744B6E}.Debug|x64.ActiveCfg = Debug|Any CPU
		{0B3E3BD1-97AB-428C-8CCB-B32C2F744B6E}.Debug|x64.Build.0 = Debug|Any CPU
		{0B3E3BD1-97AB-428C-8CCB-B32C2F744B6E}.Debug|x86.ActiveCfg = Debug|Any CPU
		{0B3E3BD1-97AB-428C-8CCB-B32C2F744B6E}.Debug|x86.Build.0 = Debug|Any CPU
		{0B3E3BD1-97AB-428C-8CCB-B32C2F744B6E}.Release|Any CPU.ActiveCfg = Release|Any CPU
		{0B3E3BD1-97AB-428C-8CCB-B32C2F744B6E}.Release|Any CPU.Build.0 = Release|Any CPU
		{0B3E3BD1-97AB-428C-8CCB-B32C2F744B6E}.Release|x64.ActiveCfg = Release|Any CPU
		{0B3E3BD1-97AB-428C-8CCB-B32C2F744B6E}.Release|x64.Build.0 = Release|Any CPU
		{0B3E3BD1-97AB-428C-8CCB-B32C2F744B6E}.Release|x86.ActiveCfg = Release|Any CPU
		{0B3E3BD1-97AB-428C-8CCB-B32C2F744B6E}.Release|x86.Build.0 = Release|Any CPU
		{3DDFB9BF-6E34-4004-B5CC-5AC70B3DBA09}.Debug|Any CPU.ActiveCfg = Debug|Any CPU
		{3DDFB9BF-6E34-4004-B5CC-5AC70B3DBA09}.Debug|Any CPU.Build.0 = Debug|Any CPU
		{3DDFB9BF-6E34-4004-B5CC-5AC70B3DBA09}.Debug|x64.ActiveCfg = Debug|Any CPU
		{3DDFB9BF-6E34-4004-B5CC-5AC70B3DBA09}.Debug|x64.Build.0 = Debug|Any CPU
		{3DDFB9BF-6E34-4004-B5CC-5AC70B3DBA09}.Debug|x86.ActiveCfg = Debug|Any CPU
		{3DDFB9BF-6E34-4004-B5CC-5AC70B3DBA09}.Debug|x86.Build.0 = Debug|Any CPU
		{3DDFB9BF-6E34-4004-B5CC-5AC70B3DBA09}.Release|Any CPU.ActiveCfg = Release|Any CPU
		{3DDFB9BF-6E34-4004-B5CC-5AC70B3DBA09}.Release|Any CPU.Build.0 = Release|Any CPU
		{3DDFB9BF-6E34-4004-B5CC-5AC70B3DBA09}.Release|x64.ActiveCfg = Release|Any CPU
		{3DDFB9BF-6E34-4004-B5CC-5AC70B3DBA09}.Release|x64.Build.0 = Release|Any CPU
		{3DDFB9BF-6E34-4004-B5CC-5AC70B3DBA09}.Release|x86.ActiveCfg = Release|Any CPU
		{3DDFB9BF-6E34-4004-B5CC-5AC70B3DBA09}.Release|x86.Build.0 = Release|Any CPU
		{E83B388D-4B3D-46B9-96FE-9FC432A33C74}.Debug|Any CPU.ActiveCfg = Debug|Any CPU
		{E83B388D-4B3D-46B9-96FE-9FC432A33C74}.Debug|Any CPU.Build.0 = Debug|Any CPU
		{E83B388D-4B3D-46B9-96FE-9FC432A33C74}.Debug|x64.ActiveCfg = Debug|Any CPU
		{E83B388D-4B3D-46B9-96FE-9FC432A33C74}.Debug|x64.Build.0 = Debug|Any CPU
		{E83B388D-4B3D-46B9-96FE-9FC432A33C74}.Debug|x86.ActiveCfg = Debug|Any CPU
		{E83B388D-4B3D-46B9-96FE-9FC432A33C74}.Debug|x86.Build.0 = Debug|Any CPU
		{E83B388D-4B3D-46B9-96FE-9FC432A33C74}.Release|Any CPU.ActiveCfg = Release|Any CPU
		{E83B388D-4B3D-46B9-96FE-9FC432A33C74}.Release|Any CPU.Build.0 = Release|Any CPU
		{E83B388D-4B3D-46B9-96FE-9FC432A33C74}.Release|x64.ActiveCfg = Release|Any CPU
		{E83B388D-4B3D-46B9-96FE-9FC432A33C74}.Release|x64.Build.0 = Release|Any CPU
		{E83B388D-4B3D-46B9-96FE-9FC432A33C74}.Release|x86.ActiveCfg = Release|Any CPU
		{E83B388D-4B3D-46B9-96FE-9FC432A33C74}.Release|x86.Build.0 = Release|Any CPU
	EndGlobalSection
	GlobalSection(SolutionProperties) = preSolution
		HideSolutionNode = FALSE
	EndGlobalSection
	GlobalSection(NestedProjects) = preSolution
		{67E90BFD-F680-43F7-A491-B3A3BD73E4D3} = {827E0CD3-B72D-47B6-A68D-7590B98EB39B}
		{6B2F0FAD-2C83-4CB8-8859-9EEEE98BE444} = {827E0CD3-B72D-47B6-A68D-7590B98EB39B}
		{1642537C-8515-4843-A7C0-F2BF37976C41} = {827E0CD3-B72D-47B6-A68D-7590B98EB39B}
		{096AC7AC-F1E1-4338-B222-0936E55B5E9C} = {827E0CD3-B72D-47B6-A68D-7590B98EB39B}
		{4CE8103F-C8B6-4433-BC88-146C22C2825D} = {827E0CD3-B72D-47B6-A68D-7590B98EB39B}
		{B93E13B2-07FC-4A74-91BB-5811FBE0FE26} = {26AB2884-F6E1-40B1-B75F-0CFDC144CF35}
		{507DA825-BE19-4B1C-8555-3EAD6431341C} = {827E0CD3-B72D-47B6-A68D-7590B98EB39B}
		{31818B6F-CC36-4A2D-B805-DA9B5531474C} = {827E0CD3-B72D-47B6-A68D-7590B98EB39B}
		{761FD1EE-D192-4DE2-9671-97DAE8E23866} = {827E0CD3-B72D-47B6-A68D-7590B98EB39B}
		{0B3E3BD1-97AB-428C-8CCB-B32C2F744B6E} = {827E0CD3-B72D-47B6-A68D-7590B98EB39B}
		{3DDFB9BF-6E34-4004-B5CC-5AC70B3DBA09} = {827E0CD3-B72D-47B6-A68D-7590B98EB39B}
		{E83B388D-4B3D-46B9-96FE-9FC432A33C74} = {26AB2884-F6E1-40B1-B75F-0CFDC144CF35}
	EndGlobalSection
EndGlobal
