
Microsoft Visual Studio Solution File, Format Version 12.00
# Visual Studio Version 17
VisualStudioVersion = 17.0.31903.59
MinimumVisualStudioVersion = 10.0.40219.1
Project("{2150E333-8FDC-42A3-9474-1A3956D46DE8}") = "src", "src", "{827E0CD3-B72D-47B6-A68D-7590B98EB39B}"
EndProject
Project("{FAE04EC0-301F-11D3-BF4B-00C04F79EFBC}") = "SmartTrader.Domain", "src\SmartTrader.Domain\SmartTrader.Domain.csproj", "{67E90BFD-F680-43F7-A491-B3A3BD73E4D3}"
EndProject
Project("{FAE04EC0-301F-11D3-BF4B-00C04F79EFBC}") = "SmartTrader.Application", "src\SmartTrader.Application\SmartTrader.Application.csproj", "{6B2F0FAD-2C83-4CB8-8859-9EEEE98BE444}"
EndProject
Project("{FAE04EC0-301F-11D3-BF4B-00C04F79EFBC}") = "SmartTrader.Infrastructure", "src\SmartTrader.Infrastructure\SmartTrader.Infrastructure.csproj", "{1642537C-8515-4843-A7C0-F2BF37976C41}"
EndProject
Project("{FAE04EC0-301F-11D3-BF4B-00C04F79EFBC}") = "SmartTrader.Presentation.AdminApi", "src\SmartTrader.Presentation.AdminApi\SmartTrader.Presentation.AdminApi.csproj", "{096AC7AC-F1E1-4338-B222-0936E55B5E9C}"
EndProject
Project("{FAE04EC0-301F-11D3-BF4B-00C04F79EFBC}") = "SmartTrader.Worker", "src\SmartTrader.Worker\SmartTrader.Worker.csproj", "{4CE8103F-C8B6-4433-BC88-146C22C2825D}"
EndProject
Project("{2150E333-8FDC-42A3-9474-1A3956D46DE8}") = "tests", "tests", "{26AB2884-F6E1-40B1-B75F-0CFDC144CF35}"
EndProject
Project("{FAE04EC0-301F-11D3-BF4B-00C04F79EFBC}") = "SmartTrader.IntegrationTests", "tests\SmartTrader.IntegrationTests\SmartTrader.IntegrationTests.csproj", "{B93E13B2-07FC-4A74-91BB-5811FBE0FE26}"
EndProject
Project("{2150E333-8FDC-42A3-9474-1A3956D46DE8}") = "config", "config", "{02EA681E-C7D8-13C7-8484-4AC65E1B71E8}"
	ProjectSection(SolutionItems) = preProject
		Directory.Build.props = Directory.Build.props
		Directory.Packages.props = Directory.Packages.props
		docker-compose.yml = docker-compose.yml
		global.json = global.json
	EndProjectSection
EndProject
Project("{FAE04EC0-301F-11D3-BF4B-00C04F79EFBC}") = "SmartTrader.Trading.Abstractions", "src\SmartTrader.Trading.Abstractions\SmartTrader.Trading.Abstractions.csproj", "{5DA18E22-4A7A-4693-B7E5-35DC4A767B98}"
EndProject
Project("{FAE04EC0-301F-11D3-BF4B-00C04F79EFBC}") = "SmartTrader.Trading.Indicators", "src\SmartTrader.Trading.Indicators\SmartTrader.Trading.Indicators.csproj", "{4DE9BB1C-1036-4D8A-A0CE-A20E7FAFBC41}"
EndProject
Project("{FAE04EC0-301F-11D3-BF4B-00C04F79EFBC}") = "SmartTrader.Trading.Strategies", "src\SmartTrader.Trading.Strategies\SmartTrader.Trading.Strategies.csproj", "{3E1F8128-A336-422B-A094-CD05F90F9087}"
EndProject
Project("{2150E333-8FDC-42A3-9474-1A3956D46DE8}") = "plugins", "plugins", "{07D57EEB-2F50-60C4-C011-FE4FA775C9A8}"
EndProject
Project("{FAE04EC0-301F-11D3-BF4B-00C04F79EFBC}") = "Trading.Strategies.RSI", "plugins\Trading.Strategies.RSI\Trading.Strategies.RSI.csproj", "{BDA42715-9B24-42E4-91A8-80C27742BE19}"
EndProject
Project("{FAE04EC0-301F-11D3-BF4B-00C04F79EFBC}") = "Trading.Strategies.BBands", "plugins\Trading.Strategies.BBands\Trading.Strategies.BBands.csproj", "{1FCC4317-AFFC-4AE4-8E84-3E5CDBE0B054}"
EndProject
Project("{FAE04EC0-301F-11D3-BF4B-00C04F79EFBC}") = "SmartTrader.Trading.Tests", "tests\SmartTrader.Trading.Tests\SmartTrader.Trading.Tests.csproj", "{52729EBE-8F0D-4CCB-97DA-E7953893E9E5}"
EndProject
Global
	GlobalSection(SolutionConfigurationPlatforms) = preSolution
		Debug|Any CPU = Debug|Any CPU
		Debug|x64 = Debug|x64
		Debug|x86 = Debug|x86
		Release|Any CPU = Release|Any CPU
		Release|x64 = Release|x64
		Release|x86 = Release|x86
	EndGlobalSection
	GlobalSection(ProjectConfigurationPlatforms) = postSolution
		{67E90BFD-F680-43F7-A491-B3A3BD73E4D3}.Debug|Any CPU.ActiveCfg = Debug|Any CPU
		{67E90BFD-F680-43F7-A491-B3A3BD73E4D3}.Debug|Any CPU.Build.0 = Debug|Any CPU
		{67E90BFD-F680-43F7-A491-B3A3BD73E4D3}.Debug|x64.ActiveCfg = Debug|Any CPU
		{67E90BFD-F680-43F7-A491-B3A3BD73E4D3}.Debug|x64.Build.0 = Debug|Any CPU
		{67E90BFD-F680-43F7-A491-B3A3BD73E4D3}.Debug|x86.ActiveCfg = Debug|Any CPU
		{67E90BFD-F680-43F7-A491-B3A3BD73E4D3}.Debug|x86.Build.0 = Debug|Any CPU
		{67E90BFD-F680-43F7-A491-B3A3BD73E4D3}.Release|Any CPU.ActiveCfg = Release|Any CPU
		{67E90BFD-F680-43F7-A491-B3A3BD73E4D3}.Release|Any CPU.Build.0 = Release|Any CPU
		{67E90BFD-F680-43F7-A491-B3A3BD73E4D3}.Release|x64.ActiveCfg = Release|Any CPU
		{67E90BFD-F680-43F7-A491-B3A3BD73E4D3}.Release|x64.Build.0 = Release|Any CPU
		{67E90BFD-F680-43F7-A491-B3A3BD73E4D3}.Release|x86.ActiveCfg = Release|Any CPU
		{67E90BFD-F680-43F7-A491-B3A3BD73E4D3}.Release|x86.Build.0 = Release|Any CPU
		{6B2F0FAD-2C83-4CB8-8859-9EEEE98BE444}.Debug|Any CPU.ActiveCfg = Debug|Any CPU
		{6B2F0FAD-2C83-4CB8-8859-9EEEE98BE444}.Debug|Any CPU.Build.0 = Debug|Any CPU
		{6B2F0FAD-2C83-4CB8-8859-9EEEE98BE444}.Debug|x64.ActiveCfg = Debug|Any CPU
		{6B2F0FAD-2C83-4CB8-8859-9EEEE98BE444}.Debug|x64.Build.0 = Debug|Any CPU
		{6B2F0FAD-2C83-4CB8-8859-9EEEE98BE444}.Debug|x86.ActiveCfg = Debug|Any CPU
		{6B2F0FAD-2C83-4CB8-8859-9EEEE98BE444}.Debug|x86.Build.0 = Debug|Any CPU
		{6B2F0FAD-2C83-4CB8-8859-9EEEE98BE444}.Release|Any CPU.ActiveCfg = Release|Any CPU
		{6B2F0FAD-2C83-4CB8-8859-9EEEE98BE444}.Release|Any CPU.Build.0 = Release|Any CPU
		{6B2F0FAD-2C83-4CB8-8859-9EEEE98BE444}.Release|x64.ActiveCfg = Release|Any CPU
		{6B2F0FAD-2C83-4CB8-8859-9EEEE98BE444}.Release|x64.Build.0 = Release|Any CPU
		{6B2F0FAD-2C83-4CB8-8859-9EEEE98BE444}.Release|x86.ActiveCfg = Release|Any CPU
		{6B2F0FAD-2C83-4CB8-8859-9EEEE98BE444}.Release|x86.Build.0 = Release|Any CPU
		{1642537C-8515-4843-A7C0-F2BF37976C41}.Debug|Any CPU.ActiveCfg = Debug|Any CPU
		{1642537C-8515-4843-A7C0-F2BF37976C41}.Debug|Any CPU.Build.0 = Debug|Any CPU
		{1642537C-8515-4843-A7C0-F2BF37976C41}.Debug|x64.ActiveCfg = Debug|Any CPU
		{1642537C-8515-4843-A7C0-F2BF37976C41}.Debug|x64.Build.0 = Debug|Any CPU
		{1642537C-8515-4843-A7C0-F2BF37976C41}.Debug|x86.ActiveCfg = Debug|Any CPU
		{1642537C-8515-4843-A7C0-F2BF37976C41}.Debug|x86.Build.0 = Debug|Any CPU
		{1642537C-8515-4843-A7C0-F2BF37976C41}.Release|Any CPU.ActiveCfg = Release|Any CPU
		{1642537C-8515-4843-A7C0-F2BF37976C41}.Release|Any CPU.Build.0 = Release|Any CPU
		{1642537C-8515-4843-A7C0-F2BF37976C41}.Release|x64.ActiveCfg = Release|Any CPU
		{1642537C-8515-4843-A7C0-F2BF37976C41}.Release|x64.Build.0 = Release|Any CPU
		{1642537C-8515-4843-A7C0-F2BF37976C41}.Release|x86.ActiveCfg = Release|Any CPU
		{1642537C-8515-4843-A7C0-F2BF37976C41}.Release|x86.Build.0 = Release|Any CPU
		{096AC7AC-F1E1-4338-B222-0936E55B5E9C}.Debug|Any CPU.ActiveCfg = Debug|Any CPU
		{096AC7AC-F1E1-4338-B222-0936E55B5E9C}.Debug|Any CPU.Build.0 = Debug|Any CPU
		{096AC7AC-F1E1-4338-B222-0936E55B5E9C}.Debug|x64.ActiveCfg = Debug|Any CPU
		{096AC7AC-F1E1-4338-B222-0936E55B5E9C}.Debug|x64.Build.0 = Debug|Any CPU
		{096AC7AC-F1E1-4338-B222-0936E55B5E9C}.Debug|x86.ActiveCfg = Debug|Any CPU
		{096AC7AC-F1E1-4338-B222-0936E55B5E9C}.Debug|x86.Build.0 = Debug|Any CPU
		{096AC7AC-F1E1-4338-B222-0936E55B5E9C}.Release|Any CPU.ActiveCfg = Release|Any CPU
		{096AC7AC-F1E1-4338-B222-0936E55B5E9C}.Release|Any CPU.Build.0 = Release|Any CPU
		{096AC7AC-F1E1-4338-B222-0936E55B5E9C}.Release|x64.ActiveCfg = Release|Any CPU
		{096AC7AC-F1E1-4338-B222-0936E55B5E9C}.Release|x64.Build.0 = Release|Any CPU
		{096AC7AC-F1E1-4338-B222-0936E55B5E9C}.Release|x86.ActiveCfg = Release|Any CPU
		{096AC7AC-F1E1-4338-B222-0936E55B5E9C}.Release|x86.Build.0 = Release|Any CPU
		{4CE8103F-C8B6-4433-BC88-146C22C2825D}.Debug|Any CPU.ActiveCfg = Debug|Any CPU
		{4CE8103F-C8B6-4433-BC88-146C22C2825D}.Debug|Any CPU.Build.0 = Debug|Any CPU
		{4CE8103F-C8B6-4433-BC88-146C22C2825D}.Debug|x64.ActiveCfg = Debug|Any CPU
		{4CE8103F-C8B6-4433-BC88-146C22C2825D}.Debug|x64.Build.0 = Debug|Any CPU
		{4CE8103F-C8B6-4433-BC88-146C22C2825D}.Debug|x86.ActiveCfg = Debug|Any CPU
		{4CE8103F-C8B6-4433-BC88-146C22C2825D}.Debug|x86.Build.0 = Debug|Any CPU
		{4CE8103F-C8B6-4433-BC88-146C22C2825D}.Release|Any CPU.ActiveCfg = Release|Any CPU
		{4CE8103F-C8B6-4433-BC88-146C22C2825D}.Release|Any CPU.Build.0 = Release|Any CPU
		{4CE8103F-C8B6-4433-BC88-146C22C2825D}.Release|x64.ActiveCfg = Release|Any CPU
		{4CE8103F-C8B6-4433-BC88-146C22C2825D}.Release|x64.Build.0 = Release|Any CPU
		{4CE8103F-C8B6-4433-BC88-146C22C2825D}.Release|x86.ActiveCfg = Release|Any CPU
		{4CE8103F-C8B6-4433-BC88-146C22C2825D}.Release|x86.Build.0 = Release|Any CPU
		{B93E13B2-07FC-4A74-91BB-5811FBE0FE26}.Debug|Any CPU.ActiveCfg = Debug|Any CPU
		{B93E13B2-07FC-4A74-91BB-5811FBE0FE26}.Debug|Any CPU.Build.0 = Debug|Any CPU
		{B93E13B2-07FC-4A74-91BB-5811FBE0FE26}.Debug|x64.ActiveCfg = Debug|Any CPU
		{B93E13B2-07FC-4A74-91BB-5811FBE0FE26}.Debug|x64.Build.0 = Debug|Any CPU
		{B93E13B2-07FC-4A74-91BB-5811FBE0FE26}.Debug|x86.ActiveCfg = Debug|Any CPU
		{B93E13B2-07FC-4A74-91BB-5811FBE0FE26}.Debug|x86.Build.0 = Debug|Any CPU
		{B93E13B2-07FC-4A74-91BB-5811FBE0FE26}.Release|Any CPU.ActiveCfg = Release|Any CPU
		{B93E13B2-07FC-4A74-91BB-5811FBE0FE26}.Release|Any CPU.Build.0 = Release|Any CPU
		{B93E13B2-07FC-4A74-91BB-5811FBE0FE26}.Release|x64.ActiveCfg = Release|Any CPU
		{B93E13B2-07FC-4A74-91BB-5811FBE0FE26}.Release|x64.Build.0 = Release|Any CPU
		{B93E13B2-07FC-4A74-91BB-5811FBE0FE26}.Release|x86.ActiveCfg = Release|Any CPU
		{B93E13B2-07FC-4A74-91BB-5811FBE0FE26}.Release|x86.Build.0 = Release|Any CPU
		{5DA18E22-4A7A-4693-B7E5-35DC4A767B98}.Debug|Any CPU.ActiveCfg = Debug|Any CPU
		{5DA18E22-4A7A-4693-B7E5-35DC4A767B98}.Debug|Any CPU.Build.0 = Debug|Any CPU
		{5DA18E22-4A7A-4693-B7E5-35DC4A767B98}.Debug|x64.ActiveCfg = Debug|Any CPU
		{5DA18E22-4A7A-4693-B7E5-35DC4A767B98}.Debug|x64.Build.0 = Debug|Any CPU
		{5DA18E22-4A7A-4693-B7E5-35DC4A767B98}.Debug|x86.ActiveCfg = Debug|Any CPU
		{5DA18E22-4A7A-4693-B7E5-35DC4A767B98}.Debug|x86.Build.0 = Debug|Any CPU
		{5DA18E22-4A7A-4693-B7E5-35DC4A767B98}.Release|Any CPU.ActiveCfg = Release|Any CPU
		{5DA18E22-4A7A-4693-B7E5-35DC4A767B98}.Release|Any CPU.Build.0 = Release|Any CPU
		{5DA18E22-4A7A-4693-B7E5-35DC4A767B98}.Release|x64.ActiveCfg = Release|Any CPU
		{5DA18E22-4A7A-4693-B7E5-35DC4A767B98}.Release|x64.Build.0 = Release|Any CPU
		{5DA18E22-4A7A-4693-B7E5-35DC4A767B98}.Release|x86.ActiveCfg = Release|Any CPU
		{5DA18E22-4A7A-4693-B7E5-35DC4A767B98}.Release|x86.Build.0 = Release|Any CPU
		{4DE9BB1C-1036-4D8A-A0CE-A20E7FAFBC41}.Debug|Any CPU.ActiveCfg = Debug|Any CPU
		{4DE9BB1C-1036-4D8A-A0CE-A20E7FAFBC41}.Debug|Any CPU.Build.0 = Debug|Any CPU
		{4DE9BB1C-1036-4D8A-A0CE-A20E7FAFBC41}.Debug|x64.ActiveCfg = Debug|Any CPU
		{4DE9BB1C-1036-4D8A-A0CE-A20E7FAFBC41}.Debug|x64.Build.0 = Debug|Any CPU
		{4DE9BB1C-1036-4D8A-A0CE-A20E7FAFBC41}.Debug|x86.ActiveCfg = Debug|Any CPU
		{4DE9BB1C-1036-4D8A-A0CE-A20E7FAFBC41}.Debug|x86.Build.0 = Debug|Any CPU
		{4DE9BB1C-1036-4D8A-A0CE-A20E7FAFBC41}.Release|Any CPU.ActiveCfg = Release|Any CPU
		{4DE9BB1C-1036-4D8A-A0CE-A20E7FAFBC41}.Release|Any CPU.Build.0 = Release|Any CPU
		{4DE9BB1C-1036-4D8A-A0CE-A20E7FAFBC41}.Release|x64.ActiveCfg = Release|Any CPU
		{4DE9BB1C-1036-4D8A-A0CE-A20E7FAFBC41}.Release|x64.Build.0 = Release|Any CPU
		{4DE9BB1C-1036-4D8A-A0CE-A20E7FAFBC41}.Release|x86.ActiveCfg = Release|Any CPU
		{4DE9BB1C-1036-4D8A-A0CE-A20E7FAFBC41}.Release|x86.Build.0 = Release|Any CPU
		{3E1F8128-A336-422B-A094-CD05F90F9087}.Debug|Any CPU.ActiveCfg = Debug|Any CPU
		{3E1F8128-A336-422B-A094-CD05F90F9087}.Debug|Any CPU.Build.0 = Debug|Any CPU
		{3E1F8128-A336-422B-A094-CD05F90F9087}.Debug|x64.ActiveCfg = Debug|Any CPU
		{3E1F8128-A336-422B-A094-CD05F90F9087}.Debug|x64.Build.0 = Debug|Any CPU
		{3E1F8128-A336-422B-A094-CD05F90F9087}.Debug|x86.ActiveCfg = Debug|Any CPU
		{3E1F8128-A336-422B-A094-CD05F90F9087}.Debug|x86.Build.0 = Debug|Any CPU
		{3E1F8128-A336-422B-A094-CD05F90F9087}.Release|Any CPU.ActiveCfg = Release|Any CPU
		{3E1F8128-A336-422B-A094-CD05F90F9087}.Release|Any CPU.Build.0 = Release|Any CPU
		{3E1F8128-A336-422B-A094-CD05F90F9087}.Release|x64.ActiveCfg = Release|Any CPU
		{3E1F8128-A336-422B-A094-CD05F90F9087}.Release|x64.Build.0 = Release|Any CPU
		{3E1F8128-A336-422B-A094-CD05F90F9087}.Release|x86.ActiveCfg = Release|Any CPU
		{3E1F8128-A336-422B-A094-CD05F90F9087}.Release|x86.Build.0 = Release|Any CPU
		{BDA42715-9B24-42E4-91A8-80C27742BE19}.Debug|Any CPU.ActiveCfg = Debug|Any CPU
		{BDA42715-9B24-42E4-91A8-80C27742BE19}.Debug|Any CPU.Build.0 = Debug|Any CPU
		{BDA42715-9B24-42E4-91A8-80C27742BE19}.Debug|x64.ActiveCfg = Debug|Any CPU
		{BDA42715-9B24-42E4-91A8-80C27742BE19}.Debug|x64.Build.0 = Debug|Any CPU
		{BDA42715-9B24-42E4-91A8-80C27742BE19}.Debug|x86.ActiveCfg = Debug|Any CPU
		{BDA42715-9B24-42E4-91A8-80C27742BE19}.Debug|x86.Build.0 = Debug|Any CPU
		{BDA42715-9B24-42E4-91A8-80C27742BE19}.Release|Any CPU.ActiveCfg = Release|Any CPU
		{BDA42715-9B24-42E4-91A8-80C27742BE19}.Release|Any CPU.Build.0 = Release|Any CPU
		{BDA42715-9B24-42E4-91A8-80C27742BE19}.Release|x64.ActiveCfg = Release|Any CPU
		{BDA42715-9B24-42E4-91A8-80C27742BE19}.Release|x64.Build.0 = Release|Any CPU
		{BDA42715-9B24-42E4-91A8-80C27742BE19}.Release|x86.ActiveCfg = Release|Any CPU
		{BDA42715-9B24-42E4-91A8-80C27742BE19}.Release|x86.Build.0 = Release|Any CPU
		{1FCC4317-AFFC-4AE4-8E84-3E5CDBE0B054}.Debug|Any CPU.ActiveCfg = Debug|Any CPU
		{1FCC4317-AFFC-4AE4-8E84-3E5CDBE0B054}.Debug|Any CPU.Build.0 = Debug|Any CPU
		{1FCC4317-AFFC-4AE4-8E84-3E5CDBE0B054}.Debug|x64.ActiveCfg = Debug|Any CPU
		{1FCC4317-AFFC-4AE4-8E84-3E5CDBE0B054}.Debug|x64.Build.0 = Debug|Any CPU
		{1FCC4317-AFFC-4AE4-8E84-3E5CDBE0B054}.Debug|x86.ActiveCfg = Debug|Any CPU
		{1FCC4317-AFFC-4AE4-8E84-3E5CDBE0B054}.Debug|x86.Build.0 = Debug|Any CPU
		{1FCC4317-AFFC-4AE4-8E84-3E5CDBE0B054}.Release|Any CPU.ActiveCfg = Release|Any CPU
		{1FCC4317-AFFC-4AE4-8E84-3E5CDBE0B054}.Release|Any CPU.Build.0 = Release|Any CPU
		{1FCC4317-AFFC-4AE4-8E84-3E5CDBE0B054}.Release|x64.ActiveCfg = Release|Any CPU
		{1FCC4317-AFFC-4AE4-8E84-3E5CDBE0B054}.Release|x64.Build.0 = Release|Any CPU
		{1FCC4317-AFFC-4AE4-8E84-3E5CDBE0B054}.Release|x86.ActiveCfg = Release|Any CPU
		{1FCC4317-AFFC-4AE4-8E84-3E5CDBE0B054}.Release|x86.Build.0 = Release|Any CPU
		{52729EBE-8F0D-4CCB-97DA-E7953893E9E5}.Debug|Any CPU.ActiveCfg = Debug|Any CPU
		{52729EBE-8F0D-4CCB-97DA-E7953893E9E5}.Debug|Any CPU.Build.0 = Debug|Any CPU
		{52729EBE-8F0D-4CCB-97DA-E7953893E9E5}.Debug|x64.ActiveCfg = Debug|Any CPU
		{52729EBE-8F0D-4CCB-97DA-E7953893E9E5}.Debug|x64.Build.0 = Debug|Any CPU
		{52729EBE-8F0D-4CCB-97DA-E7953893E9E5}.Debug|x86.ActiveCfg = Debug|Any CPU
		{52729EBE-8F0D-4CCB-97DA-E7953893E9E5}.Debug|x86.Build.0 = Debug|Any CPU
		{52729EBE-8F0D-4CCB-97DA-E7953893E9E5}.Release|Any CPU.ActiveCfg = Release|Any CPU
		{52729EBE-8F0D-4CCB-97DA-E7953893E9E5}.Release|Any CPU.Build.0 = Release|Any CPU
		{52729EBE-8F0D-4CCB-97DA-E7953893E9E5}.Release|x64.ActiveCfg = Release|Any CPU
		{52729EBE-8F0D-4CCB-97DA-E7953893E9E5}.Release|x64.Build.0 = Release|Any CPU
		{52729EBE-8F0D-4CCB-97DA-E7953893E9E5}.Release|x86.ActiveCfg = Release|Any CPU
		{52729EBE-8F0D-4CCB-97DA-E7953893E9E5}.Release|x86.Build.0 = Release|Any CPU
	EndGlobalSection
	GlobalSection(SolutionProperties) = preSolution
		HideSolutionNode = FALSE
	EndGlobalSection
	GlobalSection(NestedProjects) = preSolution
		{67E90BFD-F680-43F7-A491-B3A3BD73E4D3} = {827E0CD3-B72D-47B6-A68D-7590B98EB39B}
		{6B2F0FAD-2C83-4CB8-8859-9EEEE98BE444} = {827E0CD3-B72D-47B6-A68D-7590B98EB39B}
		{1642537C-8515-4843-A7C0-F2BF37976C41} = {827E0CD3-B72D-47B6-A68D-7590B98EB39B}
		{096AC7AC-F1E1-4338-B222-0936E55B5E9C} = {827E0CD3-B72D-47B6-A68D-7590B98EB39B}
		{4CE8103F-C8B6-4433-BC88-146C22C2825D} = {827E0CD3-B72D-47B6-A68D-7590B98EB39B}
		{B93E13B2-07FC-4A74-91BB-5811FBE0FE26} = {26AB2884-F6E1-40B1-B75F-0CFDC144CF35}
		{5DA18E22-4A7A-4693-B7E5-35DC4A767B98} = {827E0CD3-B72D-47B6-A68D-7590B98EB39B}
		{4DE9BB1C-1036-4D8A-A0CE-A20E7FAFBC41} = {827E0CD3-B72D-47B6-A68D-7590B98EB39B}
		{3E1F8128-A336-422B-A094-CD05F90F9087} = {827E0CD3-B72D-47B6-A68D-7590B98EB39B}
		{BDA42715-9B24-42E4-91A8-80C27742BE19} = {07D57EEB-2F50-60C4-C011-FE4FA775C9A8}
		{1FCC4317-AFFC-4AE4-8E84-3E5CDBE0B054} = {07D57EEB-2F50-60C4-C011-FE4FA775C9A8}
		{52729EBE-8F0D-4CCB-97DA-E7953893E9E5} = {26AB2884-F6E1-40B1-B75F-0CFDC144CF35}
	EndGlobalSection
	GlobalSection(ExtensibilityGlobals) = postSolution
		SolutionGuid = {97D16262-4413-45FB-8DEB-D85227EC8B44}
	EndGlobalSection
EndGlobal
